FiniteElementSpace
FiniteElementCollection: H1_3D_P2
VDim: 3
Ordering: 0

-0
0.0034797545
0.006603952
0.0092423548
0.01159187
0.092432341
0.15254044
0.18853533
0.20066797
-0
0.0034809067
0.0066059759
0.0092449663
0.011594886
0.092447158
0.15256265
0.1885606
0.2006938
-0
-0.0034808952
-0.0066059593
-0.0092449564
-0.011594881
-0.092447182
-0.15256259
-0.18856053
-0.20069362
-0
-0.003479744
-0.0066039354
-0.0092423448
-0.011591865
-0.092432327
-0.15254039
-0.18853518
-0.20066777
0.0017757226
0.0035093387
0.0017763288
-0
-0.0017763231
-0.0035093273
-0.0017757163
-0
-0
-5.7723906e-07
5.8794729e-07
-0
0.0050996311
0.0066164792
0.0051012558
-0.0051012402
-0.0066164633
-0.0050996171
-1.0072227e-06
1.0221447e-06
0.0079805774
0.0092624895
0.0079829246
-0.0079829117
-0.0092624794
-0.0079805644
-1.3033259e-06
1.3151369e-06
0.010406256
0.011398293
0.01040908
-0.010409071
-0.011398283
-0.010406248
-1.4910642e-06
1.4945557e-06
0.054194362
0.093386616
0.054203787
-0.054203801
-0.093386595
-0.054194377
-7.494016e-06
7.5058156e-06
0.12533304
0.15306496
0.12535211
-0.12535208
-0.1530649
-0.125333
-1.1110568e-05
1.1147222e-05
0.17333833
0.18905101
0.17336248
-0.17336238
-0.18905086
-0.17333821
-1.2601245e-05
1.2740801e-05
0.19736809
0.2010777
0.19739379
-0.19739368
-0.20107753
-0.1973679
-1.2818956e-05
1.3016353e-05
0.0017172557
-2.9134813e-07
5.4866692e-09
2.9753873e-07
-0
-0.001717249
0.0051101507
-8.0743625e-07
7.6726932e-09
8.2237114e-07
-0.0051101351
0.0079899705
-1.16951e-06
5.4820863e-09
1.184302e-06
-0.0079899568
0.010366285
-1.4060139e-06
2.4701046e-09
1.4121312e-06
-0.010366276
0.053031944
-4.6247179e-06
-3.4932841e-09
4.6268468e-06
-0.05303194
0.12583075
-9.5806182e-06
1.4534592e-08
9.5820413e-06
-0.12583072
0.17385477
-1.208655e-05
5.640273e-08
1.2140203e-05
-0.17385469
0.19783567
-1.2803332e-05
9.0442073e-08
1.2980714e-05
-0.1978355
2.9047385e-09
7.7398298e-09
7.0912161e-09
3.2154222e-09
5.1421458e-10
7.7631729e-09
3.18132e-08
8.4049292e-08
-0
0.00040738009
0.00035811677
0.00030901436
0.00051550825
0.0086834681
0.0059694872
0.002948829
0.00028188655
-0
-0.0004086781
-0.00036277153
-0.00031845582
-0.00053064803
-0.0087190231
-0.0060448392
-0.0030737962
-0.00045894465
-0
-0.00040868299
-0.00036279175
-0.0003184804
-0.00053067588
-0.0087190059
-0.0060449806
-0.0030739914
-0.00045911511
-0
0.0004073701
0.00035809883
0.00030898647
0.00051549059
0.0086833468
0.0059692282
0.0029485477
0.00028163846
0.00042520182
-6.2344025e-07
-0.00042557489
-0
-0.00042557821
-6.3162685e-07
0.00042519535
-0
-0
-6.8486742e-07
-6.8529671e-07
-0
0.00038622034
-2.3051252e-06
-0.00038898944
-0.00038900163
-2.3238188e-06
0.00038620839
-2.3603674e-06
-2.358878e-06
0.00032759137
-4.7051944e-06
-0.00033449564
-0.00033451883
-4.7313482e-06
0.00032757146
-4.7480717e-06
-4.7469973e-06
0.00025746961
-7.5511827e-06
-0.00026966681
-0.00026969004
-7.5741049e-06
0.00025744179
-7.6030523e-06
-7.5983536e-06
0.0099424325
-1.756407e-05
-0.009965015
-0.0099650723
-1.7622532e-05
0.0099423896
-1.8125096e-05
-1.813244e-05
0.0074146359
-3.7549623e-05
-0.0074683751
-0.0074685525
-3.7736398e-05
0.0074144942
-3.7958727e-05
-3.7941474e-05
0.004450426
-6.2439697e-05
-0.004549937
-0.0045501576
-6.265513e-05
0.0044502364
-6.2646431e-05
-6.2666251e-05
0.0014455418
-8.8489162e-05
-0.0015965175
-0.0015967482
-8.8674992e-05
0.0014452992
-8.8582974e-05
-8.8623483e-05
-1.4423941e-07
-2.2044435e-07
-6.5774662e-07
-2.227326e-07
-0
-1.4894989e-07
-1.3572884e-06
-1.4170181e-06
-2.3372006e-06
-1.4171928e-06
-1.368593e-06
-3.4335924e-06
-3.481279e-06
-4.7325375e-06
-3.4806088e-06
-3.455586e-06
-6.0865703e-06
-6.1242438e-06
-7.5822087e-06
-6.1227854e-06
-6.1127486e-06
-1.0855763e-05
-1.1640507e-05
-1.7870147e-05
-1.1646325e-05
-1.0886975e-05
-2.6623362e-05
-2.7163509e-05
-3.7794256e-05
-2.7171774e-05
-2.6783903e-05
-4.9660316e-05
-4.9944071e-05
-6.2596368e-05
-4.9952617e-05
-4.9870766e-05
-7.5476051e-05
-7.5606943e-05
-8.8604697e-05
-7.5599447e-05
-7.5719949e-05
-1.7857344e-07
-1.389943e-06
-3.4630035e-06
-6.1135864e-06
-1.1200308e-05
-2.6931303e-05
-4.9859877e-05
-7.5604864e-05
-0
0.0036610913
0.014060722
0.030211648
0.051160796
0.16671686
0.42668746
0.78226289
1.1856154
-0
0.0036612213
0.014060831
0.030211731
0.051160903
0.1667181
0.4266883
0.78226322
1.1856156
-0
0.0036612144
0.014060813
0.030211709
0.051160877
0.1667181
0.42668811
0.78226297
1.1856153
-0
0.0036610981
0.014060741
0.030211676
0.051160817
0.16671697
0.42668769
0.78226305
1.1856156
0.0010042002
0.0038720582
0.0010043461
-0
0.0010043391
0.0038720555
0.0010042025
-0
-0
0.0034886909
0.0034886979
-0
0.0080976126
0.014241145
0.0080977314
0.0080977187
0.014241145
0.0080976246
0.013883787
0.013883806
0.021469358
0.030359969
0.021469452
0.02146943
0.03035997
0.021469379
0.030047872
0.030047899
0.040109899
0.051370629
0.040109969
0.04010995
0.051370627
0.04010993
0.050911674
0.050911699
0.089670512
0.1712278
0.089671978
0.089671943
0.1712278
0.08967054
0.16310679
0.16310683
0.28212692
0.42972012
0.28212796
0.28212779
0.42972014
0.28212705
0.42381104
0.42381122
0.59552926
0.78378462
0.59552985
0.5955296
0.78378461
0.59552946
0.78076212
0.78076235
0.98100067
1.185985
0.98100092
0.98100071
1.1859851
0.98100092
1.1855133
1.1855135
0.001200894
0.00075141042
0.0036896116
0.00075141449
-0
0.0012008933
0.0082902363
0.007898082
0.014062557
0.0078980953
0.0082902354
0.021635718
0.021305838
0.030196669
0.021305861
0.021635718
0.04025321
0.039977754
0.051152012
0.039977779
0.040253211
0.094271059
0.083783187
0.1674004
0.083783217
0.094271068
0.28581732
0.27826348
0.42678708
0.27826363
0.28581733
0.5977759
0.59326874
0.78227812
0.59326898
0.59777587
0.98176475
0.98025959
1.1858877
0.98025979
0.98176472
0.0009468567
0.008093124
0.021471725
0.040133978
0.08831597
0.28201327
0.59552217
0.98103169
