FiniteElementSpace
FiniteElementCollection: H1_2D_P8
VDim: 1
Ordering: 0

-2.4690953e-11
4.0776308e-11
-2.2823292e-11
4.9441432e-12
-0.0093632956
-0.047477546
0.0093632956
0.047477546
0.0026662695
-0.11469026
-0.4434044
-0.44683819
0.031673663
0.22567522
0.069114673
0.073614294
0.29100837
0.21620691
-0.29962439
-0.49229023
-0.21658814
-0.025482058
-0.0026662695
0.11469026
0.4434044
0.44683819
-0.031673663
-0.22567522
-0.069114673
0.025482058
0.21658814
0.49229023
0.29962439
-0.21620691
-0.29100837
-0.073614294
-5.0589399e-12
-1.070614e-11
1.4894753e-11
-1.4576514e-11
-2.2055769e-11
1.6481041e-11
-1.6273446e-11
0.089947253
0.25349354
0.28253297
-5.510546e-05
-0.32109378
-0.33655939
-0.1613037
0.017738969
0.04999279
0.055719807
-1.0867645e-05
-0.063324588
-0.066374642
-0.031811548
1.6075893e-12
1.7903657e-11
4.0987135e-11
8.7653382e-12
-1.7967381e-11
1.8267371e-14
8.630474e-12
-0.017738969
-0.04999279
-0.055719807
1.0867629e-05
0.063324588
0.066374642
0.031811548
-0.089947253
-0.25349354
-0.28253297
5.5105498e-05
0.32109378
0.33655939
0.1613037
-3.834347e-12
4.6307083e-12
-1.4705033e-12
1.5475125e-11
9.528385e-12
1.5991833e-11
1.2737516e-11
-8.9932951e-12
-9.8727148e-12
2.0484536e-11
1.9821591e-11
-1.8928428e-11
-9.1161132e-12
-2.160257e-11
0.039427115
-0.09573637
-0.46751742
-0.46539776
0.093418
0.3492565
0.19991921
0.246817
0.10766653
-0.3199856
-0.35310095
0.2406876
0.5459341
0.41681324
0.54369424
0.44466014
0.047650974
-0.087818551
0.24161912
0.39148739
0.29284435
0.31206939
0.23676951
0.058886148
5.7251957e-12
-0.058886148
-0.23676951
-0.31206939
-0.29284435
-0.39148739
-0.24161912
0.087818551
-0.047650974
-0.44466014
-0.54369424
-0.41681324
-0.5459341
-0.2406876
0.35310095
0.3199856
-0.10766653
-0.246817
-0.19991921
-0.3492565
-0.093418
0.46539776
0.46751742
0.09573637
-0.039427115
-0.0019895689
-0.052779833
-0.11102432
-0.10036177
-0.0097142716
0.065462856
0.088730762
-0.0053312744
-0.14008107
-0.28194304
-0.24965997
-0.024320107
0.17438946
0.24550922
-0.0046821674
-0.11483177
-0.17342013
-0.13056435
-0.013890997
0.1455389
0.2509788
0.00063679026
0.077617246
0.24522971
0.24419677
0.016254474
-0.1024085
-0.050979281
6.4201908e-05
0.17051465
0.30165703
0.23258403
0.011692947
-0.24361826
-0.331733
-0.0042390802
0.056125164
-0.074271761
-0.14496872
-0.00055210493
-0.08993315
-0.27164961
-0.0017616168
-0.069112315
-0.36023568
-0.38830712
0.015749677
0.12602921
-0.053556222
0.096728743
0.092421564
0.035063016
-0.067296922
-0.11602348
-0.083917047
-0.03856501
0.26756757
0.24599196
0.089418758
-0.16740784
-0.29478148
-0.22298669
-0.10651784
0.27321345
0.20444425
0.056154999
-0.08754906
-0.18175524
-0.18385378
-0.10806087
-0.055366654
-0.14255051
-0.083070326
0.16374453
0.25840682
0.1259269
0.02160983
-0.35860836
-0.33331354
-0.11115837
0.15595768
0.32127312
0.2842944
0.13621004
-0.29189605
-0.12024527
0.029883763
-0.097207817
-0.080056411
0.097575552
0.10690071
-0.057167873
0.16459261
0.16486231
-0.26037677
-0.39585511
-0.12642737
0.020074862
-0.088730762
-0.24550922
-0.2509788
0.050979281
0.331733
0.27164961
0.053556222
-0.065462856
-0.17438946
-0.1455389
0.1024085
0.24361826
0.08993315
-0.12602921
0.0097142716
0.024320107
0.013890997
-0.016254474
-0.011692947
0.00055210496
-0.015749677
0.10036177
0.24965997
0.13056435
-0.24419677
-0.23258403
0.14496872
0.38830712
0.11102432
0.28194304
0.17342013
-0.24522971
-0.30165703
0.074271761
0.36023568
0.052779833
0.14008107
0.11483177
-0.077617246
-0.17051465
-0.056125164
0.069112315
0.0019895689
0.0053312744
0.0046821674
-0.00063679028
-6.4201938e-05
0.0042390802
0.0017616168
0.03856501
0.10651784
0.10806087
-0.02160983
-0.13621004
-0.10690071
-0.020074862
0.083917047
0.22298669
0.18385378
-0.1259269
-0.2842944
-0.097575552
0.12642737
0.11602348
0.29478148
0.18175524
-0.25840682
-0.32127312
0.080056411
0.39585511
0.067296922
0.16740784
0.08754906
-0.16374453
-0.15595768
0.097207817
0.26037677
-0.035063016
-0.089418758
-0.056154999
0.083070326
0.11115837
-0.029883763
-0.16486231
-0.092421564
-0.24599196
-0.20444425
0.14255051
0.33331354
0.12024527
-0.16459261
-0.096728743
-0.26756757
-0.27321345
0.055366654
0.35860836
0.29189605
0.057167873
